
Microsoft Visual Studio Solution File, Format Version 12.00
# Visual Studio Version 17
VisualStudioVersion = 17.4.33213.308
MinimumVisualStudioVersion = 10.0.40219.1
Project("{FAE04EC0-301F-11D3-BF4B-00C04F79EFBC}") = "OddorEven", "OddorEven\OddorEven.csproj", "{B27C31EF-83E5-4F7E-AEB0-680F1F86DA00}"
EndProject
Global
	GlobalSection(SolutionConfigurationPlatforms) = preSolution
		Debug|Any CPU = Debug|Any CPU
		Release|Any CPU = Release|Any CPU
	EndGlobalSection
	GlobalSection(ProjectConfigurationPlatforms) = postSolution
		{B27C31EF-83E5-4F7E-AEB0-680F1F86DA00}.Debug|Any CPU.ActiveCfg = Debug|Any CPU
		{B27C31EF-83E5-4F7E-AEB0-680F1F86DA00}.Debug|Any CPU.Build.0 = Debug|Any CPU
		{B27C31EF-83E5-4F7E-AEB0-680F1F86DA00}.Release|Any CPU.ActiveCfg = Release|Any CPU
		{B27C31EF-83E5-4F7E-AEB0-680F1F86DA00}.Release|Any CPU.Build.0 = Release|Any CPU
	EndGlobalSection
	GlobalSection(SolutionProperties) = preSolution
		HideSolutionNode = FALSE
	EndGlobalSection
	GlobalSection(ExtensibilityGlobals) = postSolution
		SolutionGuid = {1DA8B653-1465-469D-9B03-9EA696AC1439}
	EndGlobalSection
EndGlobal
